{
  "name": "WME-SEGMENT-NODE-COUNT",
  "lockfileVersion": 3,
  "requires": true,
  "packages": {
    "": {
      "devDependencies": {
        "wme-sdk-typings": "https://web-assets.waze.com/wme_sdk_docs/production/latest/wme-sdk-typings.tgz"
      }
    },
    "node_modules/@types/geojson": {
      "version": "7946.0.16",
      "resolved": "https://registry.npmjs.org/@types/geojson/-/geojson-7946.0.16.tgz",
      "integrity": "sha512-6C8nqWur3j98U6+lXDfTUWIfgvZU+EumvpHKcYjujKH7woYyLj2sUmff0tRhrqM7BohUw7Pz3ZB1jj2gW9Fvmg==",
      "dev": true,
      "license": "MIT",
      "peer": true
    },
    "node_modules/wme-sdk-typings": {
      "version": "v2.331-11-gf9507e2eb9",
      "resolved": "https://web-assets.waze.com/wme_sdk_docs/production/latest/wme-sdk-typings.tgz",
      "integrity": "sha512-F9iYCV+c0Dg1gpgX44vHPK4fn7xbm+U1hdUXn/tikjOjkfK8rWFgX/pDn3upEGc9zMmiYdtvTK7/c+V2ddcrqg==",
      "dev": true,
      "license": "UNLICENSED",
      "peerDependencies": {
        "@types/geojson": "^7946.0.14"
      }
    }
  }
}
